
Microsoft Visual Studio Solution File, Format Version 12.00
# Visual Studio Version 16
VisualStudioVersion = 16.0.31213.239
MinimumVisualStudioVersion = 10.0.40219.1
Project("{FAE04EC0-301F-11D3-BF4B-00C04F79EFBC}") = "WPF NET 6", "WPF NET 6\WPF NET 6.csproj", "{C5E6C39E-4D7C-4444-A680-D9EE9A8C96BD}"
EndProject
Global
	GlobalSection(SolutionConfigurationPlatforms) = preSolution
		Debug|Any CPU = Debug|Any CPU
		Release|Any CPU = Release|Any CPU
	EndGlobalSection
	GlobalSection(ProjectConfigurationPlatforms) = postSolution
		{C5E6C39E-4D7C-4444-A680-D9EE9A8C96BD}.Debug|Any CPU.ActiveCfg = Debug|Any CPU
		{C5E6C39E-4D7C-4444-A680-D9EE9A8C96BD}.Debug|Any CPU.Build.0 = Debug|Any CPU
		{C5E6C39E-4D7C-4444-A680-D9EE9A8C96BD}.Release|Any CPU.ActiveCfg = Release|Any CPU
		{C5E6C39E-4D7C-4444-A680-D9EE9A8C96BD}.Release|Any CPU.Build.0 = Release|Any CPU
	EndGlobalSection
	GlobalSection(SolutionProperties) = preSolution
		HideSolutionNode = FALSE
	EndGlobalSection
	GlobalSection(ExtensibilityGlobals) = postSolution
		SolutionGuid = {A79F0797-D95F-43A6-97EF-4B0E596FBA20}
	EndGlobalSection
EndGlobal
